// !$*UTF8*$!
{
	archiveVersion = 1;
	classes = {
	};
	objectVersion = 56;
	objects = {

/* Begin PBXBuildFile section */
		06536CF32963706300278A8A /* CourseScheduleII.swift in Sources */ = {isa = PBXBuildFile; fileRef = 06536CF22963706300278A8A /* CourseScheduleII.swift */; };
		06536CF529637D2400278A8A /* GraphValidTree.swift in Sources */ = {isa = PBXBuildFile; fileRef = 06536CF429637D2400278A8A /* GraphValidTree.swift */; };
		06536CF72963A5C800278A8A /* AlienDictionary.swift in Sources */ = {isa = PBXBuildFile; fileRef = 06536CF62963A5C800278A8A /* AlienDictionary.swift */; };
		067217B52962206E00DB5663 /* CourseSchedule.swift in Sources */ = {isa = PBXBuildFile; fileRef = 067217B42962206E00DB5663 /* CourseSchedule.swift */; };
		067217B82962845400DB5663 /* PerformanceAnalysis.swift in Sources */ = {isa = PBXBuildFile; fileRef = 067217B72962845400DB5663 /* PerformanceAnalysis.swift */; };
		06F125EE29615564008A86AE /* main.swift in Sources */ = {isa = PBXBuildFile; fileRef = 06F125ED29615564008A86AE /* main.swift */; };
		06F125F6296155D1008A86AE /* CloneGraph.swift in Sources */ = {isa = PBXBuildFile; fileRef = 06F125F5296155D1008A86AE /* CloneGraph.swift */; };
/* End PBXBuildFile section */

/* Begin PBXCopyFilesBuildPhase section */
		06F125E829615564008A86AE /* CopyFiles */ = {
			isa = PBXCopyFilesBuildPhase;
			buildActionMask = 2147483647;
			dstPath = /usr/share/man/man1/;
			dstSubfolderSpec = 0;
			files = (
			);
			runOnlyForDeploymentPostprocessing = 1;
		};
/* End PBXCopyFilesBuildPhase section */

/* Begin PBXFileReference section */
		06536CF22963706300278A8A /* CourseScheduleII.swift */ = {isa = PBXFileReference; lastKnownFileType = sourcecode.swift; path = CourseScheduleII.swift; sourceTree = "<group>"; };
		06536CF429637D2400278A8A /* GraphValidTree.swift */ = {isa = PBXFileReference; lastKnownFileType = sourcecode.swift; path = GraphValidTree.swift; sourceTree = "<group>"; };
		06536CF62963A5C800278A8A /* AlienDictionary.swift */ = {isa = PBXFileReference; lastKnownFileType = sourcecode.swift; path = AlienDictionary.swift; sourceTree = "<group>"; };
		067217B42962206E00DB5663 /* CourseSchedule.swift */ = {isa = PBXFileReference; lastKnownFileType = sourcecode.swift; path = CourseSchedule.swift; sourceTree = "<group>"; };
		067217B72962845400DB5663 /* PerformanceAnalysis.swift */ = {isa = PBXFileReference; lastKnownFileType = sourcecode.swift; path = PerformanceAnalysis.swift; sourceTree = "<group>"; };
		06F125EA29615564008A86AE /* LEETCODE */ = {isa = PBXFileReference; explicitFileType = "compiled.mach-o.executable"; includeInIndex = 0; path = LEETCODE; sourceTree = BUILT_PRODUCTS_DIR; };
		06F125ED29615564008A86AE /* main.swift */ = {isa = PBXFileReference; lastKnownFileType = sourcecode.swift; path = main.swift; sourceTree = "<group>"; };
		06F125F5296155D1008A86AE /* CloneGraph.swift */ = {isa = PBXFileReference; lastKnownFileType = sourcecode.swift; path = CloneGraph.swift; sourceTree = "<group>"; };
/* End PBXFileReference section */

/* Begin PBXFrameworksBuildPhase section */
		06F125E729615564008A86AE /* Frameworks */ = {
			isa = PBXFrameworksBuildPhase;
			buildActionMask = 2147483647;
			files = (
			);
			runOnlyForDeploymentPostprocessing = 0;
		};
/* End PBXFrameworksBuildPhase section */

/* Begin PBXGroup section */
		067217B62962841C00DB5663 /* UTIL */ = {
			isa = PBXGroup;
			children = (
				067217B72962845400DB5663 /* PerformanceAnalysis.swift */,
			);
			path = UTIL;
			sourceTree = "<group>";
		};
		06F125E129615564008A86AE = {
			isa = PBXGroup;
			children = (
				067217B62962841C00DB5663 /* UTIL */,
				06F125F429615576008A86AE /* GRAPH */,
				06F125EC29615564008A86AE /* LEETCODE */,
				06F125EB29615564008A86AE /* Products */,
			);
			sourceTree = "<group>";
		};
		06F125EB29615564008A86AE /* Products */ = {
			isa = PBXGroup;
			children = (
				06F125EA29615564008A86AE /* LEETCODE */,
			);
			name = Products;
			sourceTree = "<group>";
		};
		06F125EC29615564008A86AE /* LEETCODE */ = {
			isa = PBXGroup;
			children = (
				06F125ED29615564008A86AE /* main.swift */,
			);
			path = LEETCODE;
			sourceTree = "<group>";
		};
		06F125F429615576008A86AE /* GRAPH */ = {
			isa = PBXGroup;
			children = (
				06F125F5296155D1008A86AE /* CloneGraph.swift */,
				067217B42962206E00DB5663 /* CourseSchedule.swift */,
				06536CF22963706300278A8A /* CourseScheduleII.swift */,
				06536CF429637D2400278A8A /* GraphValidTree.swift */,
				06536CF62963A5C800278A8A /* AlienDictionary.swift */,
			);
			path = GRAPH;
			sourceTree = "<group>";
		};
/* End PBXGroup section */

/* Begin PBXNativeTarget section */
		06F125E929615564008A86AE /* LEETCODE */ = {
			isa = PBXNativeTarget;
			buildConfigurationList = 06F125F129615564008A86AE /* Build configuration list for PBXNativeTarget "LEETCODE" */;
			buildPhases = (
				06F125E629615564008A86AE /* Sources */,
				06F125E729615564008A86AE /* Frameworks */,
				06F125E829615564008A86AE /* CopyFiles */,
			);
			buildRules = (
			);
			dependencies = (
			);
			name = LEETCODE;
			productName = LEETCODE;
			productReference = 06F125EA29615564008A86AE /* LEETCODE */;
			productType = "com.apple.product-type.tool";
		};
/* End PBXNativeTarget section */

/* Begin PBXProject section */
		06F125E229615564008A86AE /* Project object */ = {
			isa = PBXProject;
			attributes = {
				BuildIndependentTargetsInParallel = 1;
				LastSwiftUpdateCheck = 1410;
				LastUpgradeCheck = 1410;
				TargetAttributes = {
					06F125E929615564008A86AE = {
						CreatedOnToolsVersion = 14.1;
					};
				};
			};
			buildConfigurationList = 06F125E529615564008A86AE /* Build configuration list for PBXProject "LEETCODE" */;
			compatibilityVersion = "Xcode 14.0";
			developmentRegion = en;
			hasScannedForEncodings = 0;
			knownRegions = (
				en,
				Base,
			);
			mainGroup = 06F125E129615564008A86AE;
			productRefGroup = 06F125EB29615564008A86AE /* Products */;
			projectDirPath = "";
			projectRoot = "";
			targets = (
				06F125E929615564008A86AE /* LEETCODE */,
			);
		};
/* End PBXProject section */

/* Begin PBXSourcesBuildPhase section */
		06F125E629615564008A86AE /* Sources */ = {
			isa = PBXSourcesBuildPhase;
			buildActionMask = 2147483647;
			files = (
				06536CF32963706300278A8A /* CourseScheduleII.swift in Sources */,
				06536CF529637D2400278A8A /* GraphValidTree.swift in Sources */,
				06F125F6296155D1008A86AE /* CloneGraph.swift in Sources */,
				067217B52962206E00DB5663 /* CourseSchedule.swift in Sources */,
				067217B82962845400DB5663 /* PerformanceAnalysis.swift in Sources */,
				06F125EE29615564008A86AE /* main.swift in Sources */,
				06536CF72963A5C800278A8A /* AlienDictionary.swift in Sources */,
			);
			runOnlyForDeploymentPostprocessing = 0;
		};
/* End PBXSourcesBuildPhase section */

/* Begin XCBuildConfiguration section */
		06F125EF29615564008A86AE /* Debug */ = {
			isa = XCBuildConfiguration;
			buildSettings = {
				ALWAYS_SEARCH_USER_PATHS = NO;
				CLANG_ANALYZER_NONNULL = YES;
				CLANG_ANALYZER_NUMBER_OBJECT_CONVERSION = YES_AGGRESSIVE;
				CLANG_CXX_LANGUAGE_STANDARD = "gnu++20";
				CLANG_ENABLE_MODULES = YES;
				CLANG_ENABLE_OBJC_ARC = YES;
				CLANG_ENABLE_OBJC_WEAK = YES;
				CLANG_WARN_BLOCK_CAPTURE_AUTORELEASING = YES;
				CLANG_WARN_BOOL_CONVERSION = YES;
				CLANG_WARN_COMMA = YES;
				CLANG_WARN_CONSTANT_CONVERSION = YES;
				CLANG_WARN_DEPRECATED_OBJC_IMPLEMENTATIONS = YES;
				CLANG_WARN_DIRECT_OBJC_ISA_USAGE = YES_ERROR;
				CLANG_WARN_DOCUMENTATION_COMMENTS = YES;
				CLANG_WARN_EMPTY_BODY = YES;
				CLANG_WARN_ENUM_CONVERSION = YES;
				CLANG_WARN_INFINITE_RECURSION = YES;
				CLANG_WARN_INT_CONVERSION = YES;
				CLANG_WARN_NON_LITERAL_NULL_CONVERSION = YES;
				CLANG_WARN_OBJC_IMPLICIT_RETAIN_SELF = YES;
				CLANG_WARN_OBJC_LITERAL_CONVERSION = YES;
				CLANG_WARN_OBJC_ROOT_CLASS = YES_ERROR;
				CLANG_WARN_QUOTED_INCLUDE_IN_FRAMEWORK_HEADER = YES;
				CLANG_WARN_RANGE_LOOP_ANALYSIS = YES;
				CLANG_WARN_STRICT_PROTOTYPES = YES;
				CLANG_WARN_SUSPICIOUS_MOVE = YES;
				CLANG_WARN_UNGUARDED_AVAILABILITY = YES_AGGRESSIVE;
				CLANG_WARN_UNREACHABLE_CODE = YES;
				CLANG_WARN__DUPLICATE_METHOD_MATCH = YES;
				COPY_PHASE_STRIP = NO;
				DEBUG_INFORMATION_FORMAT = dwarf;
				ENABLE_STRICT_OBJC_MSGSEND = YES;
				ENABLE_TESTABILITY = YES;
				GCC_C_LANGUAGE_STANDARD = gnu11;
				GCC_DYNAMIC_NO_PIC = NO;
				GCC_NO_COMMON_BLOCKS = YES;
				GCC_OPTIMIZATION_LEVEL = 0;
				GCC_PREPROCESSOR_DEFINITIONS = (
					"DEBUG=1",
					"$(inherited)",
				);
				GCC_WARN_64_TO_32_BIT_CONVERSION = YES;
				GCC_WARN_ABOUT_RETURN_TYPE = YES_ERROR;
				GCC_WARN_UNDECLARED_SELECTOR = YES;
				GCC_WARN_UNINITIALIZED_AUTOS = YES_AGGRESSIVE;
				GCC_WARN_UNUSED_FUNCTION = YES;
				GCC_WARN_UNUSED_VARIABLE = YES;
				MACOSX_DEPLOYMENT_TARGET = 13.0;
				MTL_ENABLE_DEBUG_INFO = INCLUDE_SOURCE;
				MTL_FAST_MATH = YES;
				ONLY_ACTIVE_ARCH = YES;
				SDKROOT = macosx;
				SWIFT_ACTIVE_COMPILATION_CONDITIONS = DEBUG;
				SWIFT_OPTIMIZATION_LEVEL = "-Onone";
			};
			name = Debug;
		};
		06F125F029615564008A86AE /* Release */ = {
			isa = XCBuildConfiguration;
			buildSettings = {
				ALWAYS_SEARCH_USER_PATHS = NO;
				CLANG_ANALYZER_NONNULL = YES;
				CLANG_ANALYZER_NUMBER_OBJECT_CONVERSION = YES_AGGRESSIVE;
				CLANG_CXX_LANGUAGE_STANDARD = "gnu++20";
				CLANG_ENABLE_MODULES = YES;
				CLANG_ENABLE_OBJC_ARC = YES;
				CLANG_ENABLE_OBJC_WEAK = YES;
				CLANG_WARN_BLOCK_CAPTURE_AUTORELEASING = YES;
				CLANG_WARN_BOOL_CONVERSION = YES;
				CLANG_WARN_COMMA = YES;
				CLANG_WARN_CONSTANT_CONVERSION = YES;
				CLANG_WARN_DEPRECATED_OBJC_IMPLEMENTATIONS = YES;
				CLANG_WARN_DIRECT_OBJC_ISA_USAGE = YES_ERROR;
				CLANG_WARN_DOCUMENTATION_COMMENTS = YES;
				CLANG_WARN_EMPTY_BODY = YES;
				CLANG_WARN_ENUM_CONVERSION = YES;
				CLANG_WARN_INFINITE_RECURSION = YES;
				CLANG_WARN_INT_CONVERSION = YES;
				CLANG_WARN_NON_LITERAL_NULL_CONVERSION = YES;
				CLANG_WARN_OBJC_IMPLICIT_RETAIN_SELF = YES;
				CLANG_WARN_OBJC_LITERAL_CONVERSION = YES;
				CLANG_WARN_OBJC_ROOT_CLASS = YES_ERROR;
				CLANG_WARN_QUOTED_INCLUDE_IN_FRAMEWORK_HEADER = YES;
				CLANG_WARN_RANGE_LOOP_ANALYSIS = YES;
				CLANG_WARN_STRICT_PROTOTYPES = YES;
				CLANG_WARN_SUSPICIOUS_MOVE = YES;
				CLANG_WARN_UNGUARDED_AVAILABILITY = YES_AGGRESSIVE;
				CLANG_WARN_UNREACHABLE_CODE = YES;
				CLANG_WARN__DUPLICATE_METHOD_MATCH = YES;
				COPY_PHASE_STRIP = NO;
				DEBUG_INFORMATION_FORMAT = "dwarf-with-dsym";
				ENABLE_NS_ASSERTIONS = NO;
				ENABLE_STRICT_OBJC_MSGSEND = YES;
				GCC_C_LANGUAGE_STANDARD = gnu11;
				GCC_NO_COMMON_BLOCKS = YES;
				GCC_WARN_64_TO_32_BIT_CONVERSION = YES;
				GCC_WARN_ABOUT_RETURN_TYPE = YES_ERROR;
				GCC_WARN_UNDECLARED_SELECTOR = YES;
				GCC_WARN_UNINITIALIZED_AUTOS = YES_AGGRESSIVE;
				GCC_WARN_UNUSED_FUNCTION = YES;
				GCC_WARN_UNUSED_VARIABLE = YES;
				MACOSX_DEPLOYMENT_TARGET = 13.0;
				MTL_ENABLE_DEBUG_INFO = NO;
				MTL_FAST_MATH = YES;
				SDKROOT = macosx;
				SWIFT_COMPILATION_MODE = wholemodule;
				SWIFT_OPTIMIZATION_LEVEL = "-O";
			};
			name = Release;
		};
		06F125F229615564008A86AE /* Debug */ = {
			isa = XCBuildConfiguration;
			buildSettings = {
				CODE_SIGN_STYLE = Automatic;
				DEVELOPMENT_TEAM = PA7K38C8NL;
				ENABLE_HARDENED_RUNTIME = YES;
				PRODUCT_NAME = "$(TARGET_NAME)";
				SWIFT_VERSION = 5.0;
			};
			name = Debug;
		};
		06F125F329615564008A86AE /* Release */ = {
			isa = XCBuildConfiguration;
			buildSettings = {
				CODE_SIGN_STYLE = Automatic;
				DEVELOPMENT_TEAM = PA7K38C8NL;
				ENABLE_HARDENED_RUNTIME = YES;
				PRODUCT_NAME = "$(TARGET_NAME)";
				SWIFT_VERSION = 5.0;
			};
			name = Release;
		};
/* End XCBuildConfiguration section */

/* Begin XCConfigurationList section */
		06F125E529615564008A86AE /* Build configuration list for PBXProject "LEETCODE" */ = {
			isa = XCConfigurationList;
			buildConfigurations = (
				06F125EF29615564008A86AE /* Debug */,
				06F125F029615564008A86AE /* Release */,
			);
			defaultConfigurationIsVisible = 0;
			defaultConfigurationName = Release;
		};
		06F125F129615564008A86AE /* Build configuration list for PBXNativeTarget "LEETCODE" */ = {
			isa = XCConfigurationList;
			buildConfigurations = (
				06F125F229615564008A86AE /* Debug */,
				06F125F329615564008A86AE /* Release */,
			);
			defaultConfigurationIsVisible = 0;
			defaultConfigurationName = Release;
		};
/* End XCConfigurationList section */
	};
	rootObject = 06F125E229615564008A86AE /* Project object */;
}
